
Microsoft Visual Studio Solution File, Format Version 12.00
# Visual Studio Version 16
VisualStudioVersion = 16.0.810.14
MinimumVisualStudioVersion = 10.0.40219.1
Project("{FAE04EC0-301F-11D3-BF4B-00C04F79EFBC}") = "mongocrud", "mongocrud\mongocrud.csproj", "{BFDFC53E-7070-4804-8648-CB4F18A8C2FC}"
EndProject
Global
	GlobalSection(SolutionConfigurationPlatforms) = preSolution
		Debug|Any CPU = Debug|Any CPU
		Release|Any CPU = Release|Any CPU
	EndGlobalSection
	GlobalSection(ProjectConfigurationPlatforms) = postSolution
		{BFDFC53E-7070-4804-8648-CB4F18A8C2FC}.Debug|Any CPU.ActiveCfg = Debug|Any CPU
		{BFDFC53E-7070-4804-8648-CB4F18A8C2FC}.Debug|Any CPU.Build.0 = Debug|Any CPU
		{BFDFC53E-7070-4804-8648-CB4F18A8C2FC}.Release|Any CPU.ActiveCfg = Release|Any CPU
		{BFDFC53E-7070-4804-8648-CB4F18A8C2FC}.Release|Any CPU.Build.0 = Release|Any CPU
	EndGlobalSection
	GlobalSection(SolutionProperties) = preSolution
		HideSolutionNode = FALSE
	EndGlobalSection
	GlobalSection(ExtensibilityGlobals) = postSolution
		SolutionGuid = {860F712B-34D1-41FB-955F-8B6D6CFDE0E5}
	EndGlobalSection
EndGlobal
